
Microsoft Visual Studio Solution File, Format Version 12.00
Project("{FAE04EC0-301F-11D3-BF4B-00C04F79EFBC}") = "EenJaarGratis.UI.Api", "EenJaarGratis.UI.Api\EenJaarGratis.UI.Api.csproj", "{27AD3D63-C560-4C9F-A40D-963869F2C9DB}"
EndProject
Project("{FAE04EC0-301F-11D3-BF4B-00C04F79EFBC}") = "EenJaarGratis.Service.Handlers", "EenJaarGratis.Service.Handlers\EenJaarGratis.Service.Handlers.csproj", "{69F9556F-3663-4CCE-B5AA-762DE69FC5E6}"
EndProject
Project("{FAE04EC0-301F-11D3-BF4B-00C04F79EFBC}") = "EenJaarGratis.Service.Storage", "EenJaarGratis.Service.Storage\EenJaarGratis.Service.Storage.csproj", "{BC70744B-13D1-451B-AFED-22CE3F1F7511}"
EndProject
Project("{FAE04EC0-301F-11D3-BF4B-00C04F79EFBC}") = "EenJaarGratis.Service.Storage.Domain", "EenJaarGratis.Service.Storage.Domain\EenJaarGratis.Service.Storage.Domain.csproj", "{E8866759-3EEE-4ED7-AE96-2E7F75E84101}"
EndProject
Project("{FAE04EC0-301F-11D3-BF4B-00C04F79EFBC}") = "EenJaarGratis.Common", "EenJaarGratis.Common\EenJaarGratis.Common.csproj", "{20C9DE42-1B0D-43EB-AB11-053D0D0A85FB}"
EndProject
Global
	GlobalSection(SolutionConfigurationPlatforms) = preSolution
		Debug|Any CPU = Debug|Any CPU
		Release|Any CPU = Release|Any CPU
	EndGlobalSection
	GlobalSection(ProjectConfigurationPlatforms) = postSolution
		{27AD3D63-C560-4C9F-A40D-963869F2C9DB}.Debug|Any CPU.ActiveCfg = Debug|Any CPU
		{27AD3D63-C560-4C9F-A40D-963869F2C9DB}.Debug|Any CPU.Build.0 = Debug|Any CPU
		{27AD3D63-C560-4C9F-A40D-963869F2C9DB}.Release|Any CPU.ActiveCfg = Release|Any CPU
		{27AD3D63-C560-4C9F-A40D-963869F2C9DB}.Release|Any CPU.Build.0 = Release|Any CPU
		{69F9556F-3663-4CCE-B5AA-762DE69FC5E6}.Debug|Any CPU.ActiveCfg = Debug|Any CPU
		{69F9556F-3663-4CCE-B5AA-762DE69FC5E6}.Debug|Any CPU.Build.0 = Debug|Any CPU
		{69F9556F-3663-4CCE-B5AA-762DE69FC5E6}.Release|Any CPU.ActiveCfg = Release|Any CPU
		{69F9556F-3663-4CCE-B5AA-762DE69FC5E6}.Release|Any CPU.Build.0 = Release|Any CPU
		{BC70744B-13D1-451B-AFED-22CE3F1F7511}.Debug|Any CPU.ActiveCfg = Debug|Any CPU
		{BC70744B-13D1-451B-AFED-22CE3F1F7511}.Debug|Any CPU.Build.0 = Debug|Any CPU
		{BC70744B-13D1-451B-AFED-22CE3F1F7511}.Release|Any CPU.ActiveCfg = Release|Any CPU
		{BC70744B-13D1-451B-AFED-22CE3F1F7511}.Release|Any CPU.Build.0 = Release|Any CPU
		{E8866759-3EEE-4ED7-AE96-2E7F75E84101}.Debug|Any CPU.ActiveCfg = Debug|Any CPU
		{E8866759-3EEE-4ED7-AE96-2E7F75E84101}.Debug|Any CPU.Build.0 = Debug|Any CPU
		{E8866759-3EEE-4ED7-AE96-2E7F75E84101}.Release|Any CPU.ActiveCfg = Release|Any CPU
		{E8866759-3EEE-4ED7-AE96-2E7F75E84101}.Release|Any CPU.Build.0 = Release|Any CPU
		{20C9DE42-1B0D-43EB-AB11-053D0D0A85FB}.Debug|Any CPU.ActiveCfg = Debug|Any CPU
		{20C9DE42-1B0D-43EB-AB11-053D0D0A85FB}.Debug|Any CPU.Build.0 = Debug|Any CPU
		{20C9DE42-1B0D-43EB-AB11-053D0D0A85FB}.Release|Any CPU.ActiveCfg = Release|Any CPU
		{20C9DE42-1B0D-43EB-AB11-053D0D0A85FB}.Release|Any CPU.Build.0 = Release|Any CPU
	EndGlobalSection
EndGlobal
